
Microsoft Visual Studio Solution File, Format Version 12.00
# Visual Studio 14
VisualStudioVersion = 14.0.24720.0
MinimumVisualStudioVersion = 10.0.40219.1
Project("{FAE04EC0-301F-11D3-BF4B-00C04F79EFBC}") = "SC.Model", "SC.Model\SC.Model.csproj", "{672B96CC-B59A-499C-AFDF-61699E5EDB27}"
EndProject
Project("{FAE04EC0-301F-11D3-BF4B-00C04F79EFBC}") = "SC.Dal", "SC.Dal\SC.Dal.csproj", "{50E606DE-0657-40E2-B8D1-8327F8466522}"
EndProject
Project("{FAE04EC0-301F-11D3-BF4B-00C04F79EFBC}") = "SC.IService", "SC.IService\SC.IService.csproj", "{AD03E015-D2D9-449E-86F4-9DC7CD82FC56}"
EndProject
Project("{FAE04EC0-301F-11D3-BF4B-00C04F79EFBC}") = "SC.ImAndDataApi.Hoster", "SC.ImAndDataApi.Hoster\SC.ImAndDataApi.Hoster.csproj", "{367337B6-C10D-4B3C-B39B-580CBB3A263C}"
EndProject
Project("{2150E333-8FDC-42A3-9474-1A3956D46DE8}") = "Applications", "Applications", "{DCDCFEFF-85BA-4854-BDD8-44A092068CA4}"
EndProject
Project("{E24C65DC-7377-472B-9ABA-BC803B73C61A}") = "SC.WebApp", "SC.WebApp\", "{78F24350-FB48-4A39-991E-142B2320D6B5}"
	ProjectSection(WebsiteProperties) = preProject
		TargetFrameworkMoniker = ".NETFramework,Version%3Dv4.0"
		Debug.AspNetCompiler.VirtualPath = "/localhost_60668"
		Debug.AspNetCompiler.PhysicalPath = "SC.WebApp\"
		Debug.AspNetCompiler.TargetPath = "PrecompiledWeb\localhost_60668\"
		Debug.AspNetCompiler.Updateable = "true"
		Debug.AspNetCompiler.ForceOverwrite = "true"
		Debug.AspNetCompiler.FixedNames = "false"
		Debug.AspNetCompiler.Debug = "True"
		Release.AspNetCompiler.VirtualPath = "/localhost_60668"
		Release.AspNetCompiler.PhysicalPath = "SC.WebApp\"
		Release.AspNetCompiler.TargetPath = "PrecompiledWeb\localhost_60668\"
		Release.AspNetCompiler.Updateable = "true"
		Release.AspNetCompiler.ForceOverwrite = "true"
		Release.AspNetCompiler.FixedNames = "false"
		Release.AspNetCompiler.Debug = "False"
		VWDPort = "60668"
		SlnRelativePath = "SC.WebApp\"
	EndProjectSection
EndProject
Project("{FAE04EC0-301F-11D3-BF4B-00C04F79EFBC}") = "SC.Admin", "SC.Admin\SC.Admin.csproj", "{86CD2EED-4824-434B-A56F-A126A2592438}"
EndProject
Global
	GlobalSection(SolutionConfigurationPlatforms) = preSolution
		Debug|Any CPU = Debug|Any CPU
		Release|Any CPU = Release|Any CPU
	EndGlobalSection
	GlobalSection(ProjectConfigurationPlatforms) = postSolution
		{672B96CC-B59A-499C-AFDF-61699E5EDB27}.Debug|Any CPU.ActiveCfg = Debug|Any CPU
		{672B96CC-B59A-499C-AFDF-61699E5EDB27}.Debug|Any CPU.Build.0 = Debug|Any CPU
		{672B96CC-B59A-499C-AFDF-61699E5EDB27}.Release|Any CPU.ActiveCfg = Release|Any CPU
		{672B96CC-B59A-499C-AFDF-61699E5EDB27}.Release|Any CPU.Build.0 = Release|Any CPU
		{50E606DE-0657-40E2-B8D1-8327F8466522}.Debug|Any CPU.ActiveCfg = Debug|Any CPU
		{50E606DE-0657-40E2-B8D1-8327F8466522}.Debug|Any CPU.Build.0 = Debug|Any CPU
		{50E606DE-0657-40E2-B8D1-8327F8466522}.Release|Any CPU.ActiveCfg = Release|Any CPU
		{50E606DE-0657-40E2-B8D1-8327F8466522}.Release|Any CPU.Build.0 = Release|Any CPU
		{AD03E015-D2D9-449E-86F4-9DC7CD82FC56}.Debug|Any CPU.ActiveCfg = Debug|Any CPU
		{AD03E015-D2D9-449E-86F4-9DC7CD82FC56}.Debug|Any CPU.Build.0 = Debug|Any CPU
		{AD03E015-D2D9-449E-86F4-9DC7CD82FC56}.Release|Any CPU.ActiveCfg = Release|Any CPU
		{AD03E015-D2D9-449E-86F4-9DC7CD82FC56}.Release|Any CPU.Build.0 = Release|Any CPU
		{367337B6-C10D-4B3C-B39B-580CBB3A263C}.Debug|Any CPU.ActiveCfg = Debug|Any CPU
		{367337B6-C10D-4B3C-B39B-580CBB3A263C}.Debug|Any CPU.Build.0 = Debug|Any CPU
		{367337B6-C10D-4B3C-B39B-580CBB3A263C}.Release|Any CPU.ActiveCfg = Release|Any CPU
		{367337B6-C10D-4B3C-B39B-580CBB3A263C}.Release|Any CPU.Build.0 = Release|Any CPU
		{78F24350-FB48-4A39-991E-142B2320D6B5}.Debug|Any CPU.ActiveCfg = Debug|Any CPU
		{78F24350-FB48-4A39-991E-142B2320D6B5}.Debug|Any CPU.Build.0 = Debug|Any CPU
		{78F24350-FB48-4A39-991E-142B2320D6B5}.Release|Any CPU.ActiveCfg = Debug|Any CPU
		{78F24350-FB48-4A39-991E-142B2320D6B5}.Release|Any CPU.Build.0 = Debug|Any CPU
		{86CD2EED-4824-434B-A56F-A126A2592438}.Debug|Any CPU.ActiveCfg = Debug|Any CPU
		{86CD2EED-4824-434B-A56F-A126A2592438}.Debug|Any CPU.Build.0 = Debug|Any CPU
		{86CD2EED-4824-434B-A56F-A126A2592438}.Release|Any CPU.ActiveCfg = Release|Any CPU
		{86CD2EED-4824-434B-A56F-A126A2592438}.Release|Any CPU.Build.0 = Release|Any CPU
	EndGlobalSection
	GlobalSection(SolutionProperties) = preSolution
		HideSolutionNode = FALSE
	EndGlobalSection
	GlobalSection(NestedProjects) = preSolution
		{78F24350-FB48-4A39-991E-142B2320D6B5} = {DCDCFEFF-85BA-4854-BDD8-44A092068CA4}
		{86CD2EED-4824-434B-A56F-A126A2592438} = {DCDCFEFF-85BA-4854-BDD8-44A092068CA4}
	EndGlobalSection
	GlobalSection(ExtensibilityGlobals) = postSolution
		SolutionGuid = {3BDDD6D2-14AA-45B3-8E96-139DAE2BBDAC}
	EndGlobalSection
EndGlobal
